
Microsoft Visual Studio Solution File, Format Version 12.00
# Visual Studio Version 16
VisualStudioVersion = 16.0.30002.166
MinimumVisualStudioVersion = 10.0.40219.1
Project("{888888A0-9F3D-457C-B088-3A5042F75D52}") = "MainRun", "PythonWalser\MainRun.pyproj", "{C7170DD7-033B-4629-8BD5-8505DCEC4525}"
EndProject
Project("{888888A0-9F3D-457C-B088-3A5042F75D52}") = "VehicleSpecialsUsed", "VehicleSpecialsUsed\VehicleSpecialsUsed.pyproj", "{82BD6BFF-0AB6-47EC-B3DF-BDC9B35E99D0}"
EndProject
Project("{888888A0-9F3D-457C-B088-3A5042F75D52}") = "VehicleSpecialsNew", "UploadSpecialsDI\VehicleSpecialsNew.pyproj", "{8A1DA7B5-9537-40DB-89C6-7997744510AA}"
EndProject
Project("{888888A0-9F3D-457C-B088-3A5042F75D52}") = "Email_CorpOffers", "Email_CorpOffers\Email_CorpOffers.pyproj", "{DD74E4DE-B33F-4BE6-B8EA-165E139F3767}"
EndProject
Project("{888888A0-9F3D-457C-B088-3A5042F75D52}") = "GoogleMyBusiness_Posts", "GoogleMyBusiness_Posts\GoogleMyBusiness_Posts.pyproj", "{576EA30A-864D-479D-8239-259342E1B862}"
EndProject
Project("{888888A0-9F3D-457C-B088-3A5042F75D52}") = "Website Scrapper", "Website Scrapper\Website Scrapper.pyproj", "{5573C9FB-79D6-4376-9D59-6F947D605D1C}"
EndProject
Project("{888888A0-9F3D-457C-B088-3A5042F75D52}") = "DealerDotComSpecialsPage", "DealerDotComSpecialsPage\DealerDotComSpecialsPage.pyproj", "{D779881A-E7A1-4CC1-9764-4F14AE125276}"
EndProject
Global
	GlobalSection(SolutionConfigurationPlatforms) = preSolution
		Debug|Any CPU = Debug|Any CPU
		Release|Any CPU = Release|Any CPU
	EndGlobalSection
	GlobalSection(ProjectConfigurationPlatforms) = postSolution
		{C7170DD7-033B-4629-8BD5-8505DCEC4525}.Debug|Any CPU.ActiveCfg = Debug|Any CPU
		{C7170DD7-033B-4629-8BD5-8505DCEC4525}.Release|Any CPU.ActiveCfg = Release|Any CPU
		{82BD6BFF-0AB6-47EC-B3DF-BDC9B35E99D0}.Debug|Any CPU.ActiveCfg = Debug|Any CPU
		{82BD6BFF-0AB6-47EC-B3DF-BDC9B35E99D0}.Release|Any CPU.ActiveCfg = Release|Any CPU
		{8A1DA7B5-9537-40DB-89C6-7997744510AA}.Debug|Any CPU.ActiveCfg = Debug|Any CPU
		{8A1DA7B5-9537-40DB-89C6-7997744510AA}.Release|Any CPU.ActiveCfg = Release|Any CPU
		{DD74E4DE-B33F-4BE6-B8EA-165E139F3767}.Debug|Any CPU.ActiveCfg = Debug|Any CPU
		{DD74E4DE-B33F-4BE6-B8EA-165E139F3767}.Release|Any CPU.ActiveCfg = Release|Any CPU
		{576EA30A-864D-479D-8239-259342E1B862}.Debug|Any CPU.ActiveCfg = Debug|Any CPU
		{576EA30A-864D-479D-8239-259342E1B862}.Release|Any CPU.ActiveCfg = Release|Any CPU
		{5573C9FB-79D6-4376-9D59-6F947D605D1C}.Debug|Any CPU.ActiveCfg = Debug|Any CPU
		{5573C9FB-79D6-4376-9D59-6F947D605D1C}.Release|Any CPU.ActiveCfg = Release|Any CPU
		{D779881A-E7A1-4CC1-9764-4F14AE125276}.Debug|Any CPU.ActiveCfg = Debug|Any CPU
		{D779881A-E7A1-4CC1-9764-4F14AE125276}.Release|Any CPU.ActiveCfg = Release|Any CPU
	EndGlobalSection
	GlobalSection(SolutionProperties) = preSolution
		HideSolutionNode = FALSE
	EndGlobalSection
	GlobalSection(ExtensibilityGlobals) = postSolution
		SolutionGuid = {01249878-A58C-482B-A4CC-605C507A39E7}
	EndGlobalSection
EndGlobal
